// !$*UTF8*$!
{
	archiveVersion = 1;
	classes = {
	};
	objectVersion = 50;
	objects = {

/* Begin PBXBuildFile section */
		F71A4BAB24BB8DC500F2B558 /* SendMoneyDataSource.swift in Sources */ = {isa = PBXBuildFile; fileRef = F71A4BAA24BB8DC500F2B558 /* SendMoneyDataSource.swift */; };
		F7206B9424CB347000301061 /* MenuDataSource.swift in Sources */ = {isa = PBXBuildFile; fileRef = F7206B9324CB347000301061 /* MenuDataSource.swift */; };
		F72BA4A824B9EB73000A3F8D /* AppDelegate.swift in Sources */ = {isa = PBXBuildFile; fileRef = F72BA4A724B9EB73000A3F8D /* AppDelegate.swift */; };
		F72BA4AA24B9EB73000A3F8D /* SceneDelegate.swift in Sources */ = {isa = PBXBuildFile; fileRef = F72BA4A924B9EB73000A3F8D /* SceneDelegate.swift */; };
		F72BA4AC24B9EB73000A3F8D /* LoginViewController.swift in Sources */ = {isa = PBXBuildFile; fileRef = F72BA4AB24B9EB73000A3F8D /* LoginViewController.swift */; };
		F72BA4AF24B9EB73000A3F8D /* Main.storyboard in Resources */ = {isa = PBXBuildFile; fileRef = F72BA4AD24B9EB73000A3F8D /* Main.storyboard */; };
		F72BA4B124B9EB74000A3F8D /* Assets.xcassets in Resources */ = {isa = PBXBuildFile; fileRef = F72BA4B024B9EB74000A3F8D /* Assets.xcassets */; };
		F72BA4B424B9EB74000A3F8D /* LaunchScreen.storyboard in Resources */ = {isa = PBXBuildFile; fileRef = F72BA4B224B9EB74000A3F8D /* LaunchScreen.storyboard */; };
		F75743C924C5E0990076CF0E /* Ubuntu-Medium.ttf in Resources */ = {isa = PBXBuildFile; fileRef = F72BA4BC24BA1AE2000A3F8D /* Ubuntu-Medium.ttf */; };
		F7B2430724C9D96B004F6C7A /* UIView+RoundSpecificCorner.swift in Sources */ = {isa = PBXBuildFile; fileRef = F7B2430624C9D96B004F6C7A /* UIView+RoundSpecificCorner.swift */; };
		F7CD6C0824C9F6CC00D0A9E7 /* CustomCells.swift in Sources */ = {isa = PBXBuildFile; fileRef = F7CD6C0724C9F6CC00D0A9E7 /* CustomCells.swift */; };
		F7D99A6424BA5892009C206C /* HomeViewController.swift in Sources */ = {isa = PBXBuildFile; fileRef = F7D99A6324BA5892009C206C /* HomeViewController.swift */; };
/* End PBXBuildFile section */

/* Begin PBXFileReference section */
		F71A4BAA24BB8DC500F2B558 /* SendMoneyDataSource.swift */ = {isa = PBXFileReference; lastKnownFileType = sourcecode.swift; path = SendMoneyDataSource.swift; sourceTree = "<group>"; };
		F7206B9324CB347000301061 /* MenuDataSource.swift */ = {isa = PBXFileReference; lastKnownFileType = sourcecode.swift; path = MenuDataSource.swift; sourceTree = "<group>"; };
		F72BA4A424B9EB73000A3F8D /* eWalle-test.app */ = {isa = PBXFileReference; explicitFileType = wrapper.application; includeInIndex = 0; path = "eWalle-test.app"; sourceTree = BUILT_PRODUCTS_DIR; };
		F72BA4A724B9EB73000A3F8D /* AppDelegate.swift */ = {isa = PBXFileReference; lastKnownFileType = sourcecode.swift; path = AppDelegate.swift; sourceTree = "<group>"; };
		F72BA4A924B9EB73000A3F8D /* SceneDelegate.swift */ = {isa = PBXFileReference; lastKnownFileType = sourcecode.swift; path = SceneDelegate.swift; sourceTree = "<group>"; };
		F72BA4AB24B9EB73000A3F8D /* LoginViewController.swift */ = {isa = PBXFileReference; lastKnownFileType = sourcecode.swift; path = LoginViewController.swift; sourceTree = "<group>"; };
		F72BA4AE24B9EB73000A3F8D /* Base */ = {isa = PBXFileReference; lastKnownFileType = file.storyboard; name = Base; path = Base.lproj/Main.storyboard; sourceTree = "<group>"; };
		F72BA4B024B9EB74000A3F8D /* Assets.xcassets */ = {isa = PBXFileReference; lastKnownFileType = folder.assetcatalog; path = Assets.xcassets; sourceTree = "<group>"; };
		F72BA4B324B9EB74000A3F8D /* Base */ = {isa = PBXFileReference; lastKnownFileType = file.storyboard; name = Base; path = Base.lproj/LaunchScreen.storyboard; sourceTree = "<group>"; };
		F72BA4B524B9EB74000A3F8D /* Info.plist */ = {isa = PBXFileReference; lastKnownFileType = text.plist.xml; path = Info.plist; sourceTree = "<group>"; };
		F72BA4BC24BA1AE2000A3F8D /* Ubuntu-Medium.ttf */ = {isa = PBXFileReference; lastKnownFileType = file; path = "Ubuntu-Medium.ttf"; sourceTree = "<group>"; };
		F7B2430624C9D96B004F6C7A /* UIView+RoundSpecificCorner.swift */ = {isa = PBXFileReference; lastKnownFileType = sourcecode.swift; path = "UIView+RoundSpecificCorner.swift"; sourceTree = "<group>"; };
		F7CD6C0724C9F6CC00D0A9E7 /* CustomCells.swift */ = {isa = PBXFileReference; lastKnownFileType = sourcecode.swift; path = CustomCells.swift; sourceTree = "<group>"; };
		F7D99A6324BA5892009C206C /* HomeViewController.swift */ = {isa = PBXFileReference; lastKnownFileType = sourcecode.swift; path = HomeViewController.swift; sourceTree = "<group>"; };
/* End PBXFileReference section */

/* Begin PBXFrameworksBuildPhase section */
		F72BA4A124B9EB73000A3F8D /* Frameworks */ = {
			isa = PBXFrameworksBuildPhase;
			buildActionMask = 2147483647;
			files = (
			);
			runOnlyForDeploymentPostprocessing = 0;
		};
/* End PBXFrameworksBuildPhase section */

/* Begin PBXGroup section */
		F7206B9524CB349C00301061 /* Data Source */ = {
			isa = PBXGroup;
			children = (
				F71A4BAA24BB8DC500F2B558 /* SendMoneyDataSource.swift */,
				F7206B9324CB347000301061 /* MenuDataSource.swift */,
			);
			path = "Data Source";
			sourceTree = "<group>";
		};
		F7206B9624CB34B000301061 /* View Controllers */ = {
			isa = PBXGroup;
			children = (
				F72BA4AB24B9EB73000A3F8D /* LoginViewController.swift */,
				F7D99A6324BA5892009C206C /* HomeViewController.swift */,
			);
			path = "View Controllers";
			sourceTree = "<group>";
		};
		F72BA49B24B9EB73000A3F8D = {
			isa = PBXGroup;
			children = (
				F72BA4A624B9EB73000A3F8D /* eWalle-test */,
				F72BA4A524B9EB73000A3F8D /* Products */,
			);
			sourceTree = "<group>";
		};
		F72BA4A524B9EB73000A3F8D /* Products */ = {
			isa = PBXGroup;
			children = (
				F72BA4A424B9EB73000A3F8D /* eWalle-test.app */,
			);
			name = Products;
			sourceTree = "<group>";
		};
		F72BA4A624B9EB73000A3F8D /* eWalle-test */ = {
			isa = PBXGroup;
			children = (
				F72BA4BB24BA1AA2000A3F8D /* Font */,
				F72BA4A724B9EB73000A3F8D /* AppDelegate.swift */,
				F72BA4A924B9EB73000A3F8D /* SceneDelegate.swift */,
				F7206B9524CB349C00301061 /* Data Source */,
				F7206B9624CB34B000301061 /* View Controllers */,
				F7CD6C0724C9F6CC00D0A9E7 /* CustomCells.swift */,
				F7B2430624C9D96B004F6C7A /* UIView+RoundSpecificCorner.swift */,
				F72BA4AD24B9EB73000A3F8D /* Main.storyboard */,
				F72BA4B024B9EB74000A3F8D /* Assets.xcassets */,
				F72BA4B224B9EB74000A3F8D /* LaunchScreen.storyboard */,
				F72BA4B524B9EB74000A3F8D /* Info.plist */,
			);
			path = "eWalle-test";
			sourceTree = "<group>";
		};
		F72BA4BB24BA1AA2000A3F8D /* Font */ = {
			isa = PBXGroup;
			children = (
				F72BA4BC24BA1AE2000A3F8D /* Ubuntu-Medium.ttf */,
			);
			path = Font;
			sourceTree = "<group>";
		};
/* End PBXGroup section */

/* Begin PBXNativeTarget section */
		F72BA4A324B9EB73000A3F8D /* eWalle-test */ = {
			isa = PBXNativeTarget;
			buildConfigurationList = F72BA4B824B9EB74000A3F8D /* Build configuration list for PBXNativeTarget "eWalle-test" */;
			buildPhases = (
				F72BA4A024B9EB73000A3F8D /* Sources */,
				F72BA4A124B9EB73000A3F8D /* Frameworks */,
				F72BA4A224B9EB73000A3F8D /* Resources */,
			);
			buildRules = (
			);
			dependencies = (
			);
			name = "eWalle-test";
			productName = "eWalle-test";
			productReference = F72BA4A424B9EB73000A3F8D /* eWalle-test.app */;
			productType = "com.apple.product-type.application";
		};
/* End PBXNativeTarget section */

/* Begin PBXProject section */
		F72BA49C24B9EB73000A3F8D /* Project object */ = {
			isa = PBXProject;
			attributes = {
				LastSwiftUpdateCheck = 1200;
				LastUpgradeCheck = 1200;
				TargetAttributes = {
					F72BA4A324B9EB73000A3F8D = {
						CreatedOnToolsVersion = 12.0;
					};
				};
			};
			buildConfigurationList = F72BA49F24B9EB73000A3F8D /* Build configuration list for PBXProject "eWalle-test" */;
			compatibilityVersion = "Xcode 9.3";
			developmentRegion = en;
			hasScannedForEncodings = 0;
			knownRegions = (
				en,
				Base,
			);
			mainGroup = F72BA49B24B9EB73000A3F8D;
			productRefGroup = F72BA4A524B9EB73000A3F8D /* Products */;
			projectDirPath = "";
			projectRoot = "";
			targets = (
				F72BA4A324B9EB73000A3F8D /* eWalle-test */,
			);
		};
/* End PBXProject section */

/* Begin PBXResourcesBuildPhase section */
		F72BA4A224B9EB73000A3F8D /* Resources */ = {
			isa = PBXResourcesBuildPhase;
			buildActionMask = 2147483647;
			files = (
				F72BA4B424B9EB74000A3F8D /* LaunchScreen.storyboard in Resources */,
				F72BA4B124B9EB74000A3F8D /* Assets.xcassets in Resources */,
				F75743C924C5E0990076CF0E /* Ubuntu-Medium.ttf in Resources */,
				F72BA4AF24B9EB73000A3F8D /* Main.storyboard in Resources */,
			);
			runOnlyForDeploymentPostprocessing = 0;
		};
/* End PBXResourcesBuildPhase section */

/* Begin PBXSourcesBuildPhase section */
		F72BA4A024B9EB73000A3F8D /* Sources */ = {
			isa = PBXSourcesBuildPhase;
			buildActionMask = 2147483647;
			files = (
				F72BA4AC24B9EB73000A3F8D /* LoginViewController.swift in Sources */,
				F72BA4A824B9EB73000A3F8D /* AppDelegate.swift in Sources */,
				F72BA4AA24B9EB73000A3F8D /* SceneDelegate.swift in Sources */,
				F7CD6C0824C9F6CC00D0A9E7 /* CustomCells.swift in Sources */,
				F71A4BAB24BB8DC500F2B558 /* SendMoneyDataSource.swift in Sources */,
				F7B2430724C9D96B004F6C7A /* UIView+RoundSpecificCorner.swift in Sources */,
				F7D99A6424BA5892009C206C /* HomeViewController.swift in Sources */,
				F7206B9424CB347000301061 /* MenuDataSource.swift in Sources */,
			);
			runOnlyForDeploymentPostprocessing = 0;
		};
/* End PBXSourcesBuildPhase section */

/* Begin PBXVariantGroup section */
		F72BA4AD24B9EB73000A3F8D /* Main.storyboard */ = {
			isa = PBXVariantGroup;
			children = (
				F72BA4AE24B9EB73000A3F8D /* Base */,
			);
			name = Main.storyboard;
			sourceTree = "<group>";
		};
		F72BA4B224B9EB74000A3F8D /* LaunchScreen.storyboard */ = {
			isa = PBXVariantGroup;
			children = (
				F72BA4B324B9EB74000A3F8D /* Base */,
			);
			name = LaunchScreen.storyboard;
			sourceTree = "<group>";
		};
/* End PBXVariantGroup section */

/* Begin XCBuildConfiguration section */
		F72BA4B624B9EB74000A3F8D /* Debug */ = {
			isa = XCBuildConfiguration;
			buildSettings = {
				ALWAYS_SEARCH_USER_PATHS = NO;
				CLANG_ANALYZER_NONNULL = YES;
				CLANG_ANALYZER_NUMBER_OBJECT_CONVERSION = YES_AGGRESSIVE;
				CLANG_CXX_LANGUAGE_STANDARD = "gnu++14";
				CLANG_CXX_LIBRARY = "libc++";
				CLANG_ENABLE_MODULES = YES;
				CLANG_ENABLE_OBJC_ARC = YES;
				CLANG_ENABLE_OBJC_WEAK = YES;
				CLANG_WARN_BLOCK_CAPTURE_AUTORELEASING = YES;
				CLANG_WARN_BOOL_CONVERSION = YES;
				CLANG_WARN_COMMA = YES;
				CLANG_WARN_CONSTANT_CONVERSION = YES;
				CLANG_WARN_DEPRECATED_OBJC_IMPLEMENTATIONS = YES;
				CLANG_WARN_DIRECT_OBJC_ISA_USAGE = YES_ERROR;
				CLANG_WARN_DOCUMENTATION_COMMENTS = YES;
				CLANG_WARN_EMPTY_BODY = YES;
				CLANG_WARN_ENUM_CONVERSION = YES;
				CLANG_WARN_INFINITE_RECURSION = YES;
				CLANG_WARN_INT_CONVERSION = YES;
				CLANG_WARN_NON_LITERAL_NULL_CONVERSION = YES;
				CLANG_WARN_OBJC_IMPLICIT_RETAIN_SELF = YES;
				CLANG_WARN_OBJC_LITERAL_CONVERSION = YES;
				CLANG_WARN_OBJC_ROOT_CLASS = YES_ERROR;
				CLANG_WARN_QUOTED_INCLUDE_IN_FRAMEWORK_HEADER = YES;
				CLANG_WARN_RANGE_LOOP_ANALYSIS = YES;
				CLANG_WARN_STRICT_PROTOTYPES = YES;
				CLANG_WARN_SUSPICIOUS_MOVE = YES;
				CLANG_WARN_UNGUARDED_AVAILABILITY = YES_AGGRESSIVE;
				CLANG_WARN_UNREACHABLE_CODE = YES;
				CLANG_WARN__DUPLICATE_METHOD_MATCH = YES;
				COPY_PHASE_STRIP = NO;
				DEBUG_INFORMATION_FORMAT = dwarf;
				ENABLE_STRICT_OBJC_MSGSEND = YES;
				ENABLE_TESTABILITY = YES;
				GCC_C_LANGUAGE_STANDARD = gnu11;
				GCC_DYNAMIC_NO_PIC = NO;
				GCC_NO_COMMON_BLOCKS = YES;
				GCC_OPTIMIZATION_LEVEL = 0;
				GCC_PREPROCESSOR_DEFINITIONS = (
					"DEBUG=1",
					"$(inherited)",
				);
				GCC_WARN_64_TO_32_BIT_CONVERSION = YES;
				GCC_WARN_ABOUT_RETURN_TYPE = YES_ERROR;
				GCC_WARN_UNDECLARED_SELECTOR = YES;
				GCC_WARN_UNINITIALIZED_AUTOS = YES_AGGRESSIVE;
				GCC_WARN_UNUSED_FUNCTION = YES;
				GCC_WARN_UNUSED_VARIABLE = YES;
				IPHONEOS_DEPLOYMENT_TARGET = 13.0;
				MTL_ENABLE_DEBUG_INFO = INCLUDE_SOURCE;
				MTL_FAST_MATH = YES;
				ONLY_ACTIVE_ARCH = YES;
				SDKROOT = iphoneos;
				SWIFT_ACTIVE_COMPILATION_CONDITIONS = DEBUG;
				SWIFT_OPTIMIZATION_LEVEL = "-Onone";
			};
			name = Debug;
		};
		F72BA4B724B9EB74000A3F8D /* Release */ = {
			isa = XCBuildConfiguration;
			buildSettings = {
				ALWAYS_SEARCH_USER_PATHS = NO;
				CLANG_ANALYZER_NONNULL = YES;
				CLANG_ANALYZER_NUMBER_OBJECT_CONVERSION = YES_AGGRESSIVE;
				CLANG_CXX_LANGUAGE_STANDARD = "gnu++14";
				CLANG_CXX_LIBRARY = "libc++";
				CLANG_ENABLE_MODULES = YES;
				CLANG_ENABLE_OBJC_ARC = YES;
				CLANG_ENABLE_OBJC_WEAK = YES;
				CLANG_WARN_BLOCK_CAPTURE_AUTORELEASING = YES;
				CLANG_WARN_BOOL_CONVERSION = YES;
				CLANG_WARN_COMMA = YES;
				CLANG_WARN_CONSTANT_CONVERSION = YES;
				CLANG_WARN_DEPRECATED_OBJC_IMPLEMENTATIONS = YES;
				CLANG_WARN_DIRECT_OBJC_ISA_USAGE = YES_ERROR;
				CLANG_WARN_DOCUMENTATION_COMMENTS = YES;
				CLANG_WARN_EMPTY_BODY = YES;
				CLANG_WARN_ENUM_CONVERSION = YES;
				CLANG_WARN_INFINITE_RECURSION = YES;
				CLANG_WARN_INT_CONVERSION = YES;
				CLANG_WARN_NON_LITERAL_NULL_CONVERSION = YES;
				CLANG_WARN_OBJC_IMPLICIT_RETAIN_SELF = YES;
				CLANG_WARN_OBJC_LITERAL_CONVERSION = YES;
				CLANG_WARN_OBJC_ROOT_CLASS = YES_ERROR;
				CLANG_WARN_QUOTED_INCLUDE_IN_FRAMEWORK_HEADER = YES;
				CLANG_WARN_RANGE_LOOP_ANALYSIS = YES;
				CLANG_WARN_STRICT_PROTOTYPES = YES;
				CLANG_WARN_SUSPICIOUS_MOVE = YES;
				CLANG_WARN_UNGUARDED_AVAILABILITY = YES_AGGRESSIVE;
				CLANG_WARN_UNREACHABLE_CODE = YES;
				CLANG_WARN__DUPLICATE_METHOD_MATCH = YES;
				COPY_PHASE_STRIP = NO;
				DEBUG_INFORMATION_FORMAT = "dwarf-with-dsym";
				ENABLE_NS_ASSERTIONS = NO;
				ENABLE_STRICT_OBJC_MSGSEND = YES;
				GCC_C_LANGUAGE_STANDARD = gnu11;
				GCC_NO_COMMON_BLOCKS = YES;
				GCC_WARN_64_TO_32_BIT_CONVERSION = YES;
				GCC_WARN_ABOUT_RETURN_TYPE = YES_ERROR;
				GCC_WARN_UNDECLARED_SELECTOR = YES;
				GCC_WARN_UNINITIALIZED_AUTOS = YES_AGGRESSIVE;
				GCC_WARN_UNUSED_FUNCTION = YES;
				GCC_WARN_UNUSED_VARIABLE = YES;
				IPHONEOS_DEPLOYMENT_TARGET = 13.0;
				MTL_ENABLE_DEBUG_INFO = NO;
				MTL_FAST_MATH = YES;
				SDKROOT = iphoneos;
				SWIFT_COMPILATION_MODE = wholemodule;
				SWIFT_OPTIMIZATION_LEVEL = "-O";
				VALIDATE_PRODUCT = YES;
			};
			name = Release;
		};
		F72BA4B924B9EB74000A3F8D /* Debug */ = {
			isa = XCBuildConfiguration;
			buildSettings = {
				ASSETCATALOG_COMPILER_APPICON_NAME = AppIcon;
				ASSETCATALOG_COMPILER_GLOBAL_ACCENT_COLOR_NAME = AccentColor;
				CODE_SIGN_STYLE = Automatic;
				DEVELOPMENT_TEAM = 4YGCNXXR2R;
				INFOPLIST_FILE = "eWalle-test/Info.plist";
				IPHONEOS_DEPLOYMENT_TARGET = 13.0;
				LD_RUNPATH_SEARCH_PATHS = (
					"$(inherited)",
					"@executable_path/Frameworks",
				);
				PRODUCT_BUNDLE_IDENTIFIER = "com.mwmv.eWalle-test";
				PRODUCT_NAME = "$(TARGET_NAME)";
				SWIFT_VERSION = 5.0;
				TARGETED_DEVICE_FAMILY = "1,2";
			};
			name = Debug;
		};
		F72BA4BA24B9EB74000A3F8D /* Release */ = {
			isa = XCBuildConfiguration;
			buildSettings = {
				ASSETCATALOG_COMPILER_APPICON_NAME = AppIcon;
				ASSETCATALOG_COMPILER_GLOBAL_ACCENT_COLOR_NAME = AccentColor;
				CODE_SIGN_STYLE = Automatic;
				DEVELOPMENT_TEAM = 4YGCNXXR2R;
				INFOPLIST_FILE = "eWalle-test/Info.plist";
				IPHONEOS_DEPLOYMENT_TARGET = 13.0;
				LD_RUNPATH_SEARCH_PATHS = (
					"$(inherited)",
					"@executable_path/Frameworks",
				);
				PRODUCT_BUNDLE_IDENTIFIER = "com.mwmv.eWalle-test";
				PRODUCT_NAME = "$(TARGET_NAME)";
				SWIFT_VERSION = 5.0;
				TARGETED_DEVICE_FAMILY = "1,2";
			};
			name = Release;
		};
/* End XCBuildConfiguration section */

/* Begin XCConfigurationList section */
		F72BA49F24B9EB73000A3F8D /* Build configuration list for PBXProject "eWalle-test" */ = {
			isa = XCConfigurationList;
			buildConfigurations = (
				F72BA4B624B9EB74000A3F8D /* Debug */,
				F72BA4B724B9EB74000A3F8D /* Release */,
			);
			defaultConfigurationIsVisible = 0;
			defaultConfigurationName = Release;
		};
		F72BA4B824B9EB74000A3F8D /* Build configuration list for PBXNativeTarget "eWalle-test" */ = {
			isa = XCConfigurationList;
			buildConfigurations = (
				F72BA4B924B9EB74000A3F8D /* Debug */,
				F72BA4BA24B9EB74000A3F8D /* Release */,
			);
			defaultConfigurationIsVisible = 0;
			defaultConfigurationName = Release;
		};
/* End XCConfigurationList section */
	};
	rootObject = F72BA49C24B9EB73000A3F8D /* Project object */;
}
