// !$*UTF8*$!
{
	archiveVersion = 1;
	classes = {
	};
	objectVersion = 50;
	objects = {

/* Begin PBXBuildFile section */
		F70036EE24CB5B950016C5AF /* AppDelegate.swift in Sources */ = {isa = PBXBuildFile; fileRef = F70036ED24CB5B950016C5AF /* AppDelegate.swift */; };
		F70036F024CB5B950016C5AF /* SceneDelegate.swift in Sources */ = {isa = PBXBuildFile; fileRef = F70036EF24CB5B950016C5AF /* SceneDelegate.swift */; };
		F70036F224CB5B950016C5AF /* LoginViewController.swift in Sources */ = {isa = PBXBuildFile; fileRef = F70036F124CB5B950016C5AF /* LoginViewController.swift */; };
		F70036F524CB5B950016C5AF /* Main.storyboard in Resources */ = {isa = PBXBuildFile; fileRef = F70036F324CB5B950016C5AF /* Main.storyboard */; };
		F70036F724CB5B950016C5AF /* Assets.xcassets in Resources */ = {isa = PBXBuildFile; fileRef = F70036F624CB5B950016C5AF /* Assets.xcassets */; };
		F70036FA24CB5B950016C5AF /* LaunchScreen.storyboard in Resources */ = {isa = PBXBuildFile; fileRef = F70036F824CB5B950016C5AF /* LaunchScreen.storyboard */; };
		F700370224CB5C760016C5AF /* UIView+RoundSpecificCorner.swift in Sources */ = {isa = PBXBuildFile; fileRef = F700370124CB5C760016C5AF /* UIView+RoundSpecificCorner.swift */; };
		F700370524CB5D810016C5AF /* Ubuntu-Medium.ttf in Resources */ = {isa = PBXBuildFile; fileRef = F700370424CB5D810016C5AF /* Ubuntu-Medium.ttf */; };
		F700370724CB681D0016C5AF /* HomeViewController.swift in Sources */ = {isa = PBXBuildFile; fileRef = F700370624CB681D0016C5AF /* HomeViewController.swift */; };
		F700370924CB6E640016C5AF /* MenuDataSource.swift in Sources */ = {isa = PBXBuildFile; fileRef = F700370824CB6E640016C5AF /* MenuDataSource.swift */; };
		F700370B24CB6F180016C5AF /* MenuCell.swift in Sources */ = {isa = PBXBuildFile; fileRef = F700370A24CB6F180016C5AF /* MenuCell.swift */; };
		F700370D24CB859F0016C5AF /* PersonCell.swift in Sources */ = {isa = PBXBuildFile; fileRef = F700370C24CB859F0016C5AF /* PersonCell.swift */; };
		F700370F24CB867F0016C5AF /* CollectionViewDataSource.swift in Sources */ = {isa = PBXBuildFile; fileRef = F700370E24CB867F0016C5AF /* CollectionViewDataSource.swift */; };
/* End PBXBuildFile section */

/* Begin PBXFileReference section */
		F70036EA24CB5B940016C5AF /* e-Walle.app */ = {isa = PBXFileReference; explicitFileType = wrapper.application; includeInIndex = 0; path = "e-Walle.app"; sourceTree = BUILT_PRODUCTS_DIR; };
		F70036ED24CB5B950016C5AF /* AppDelegate.swift */ = {isa = PBXFileReference; lastKnownFileType = sourcecode.swift; path = AppDelegate.swift; sourceTree = "<group>"; };
		F70036EF24CB5B950016C5AF /* SceneDelegate.swift */ = {isa = PBXFileReference; lastKnownFileType = sourcecode.swift; path = SceneDelegate.swift; sourceTree = "<group>"; };
		F70036F124CB5B950016C5AF /* LoginViewController.swift */ = {isa = PBXFileReference; lastKnownFileType = sourcecode.swift; path = LoginViewController.swift; sourceTree = "<group>"; };
		F70036F424CB5B950016C5AF /* Base */ = {isa = PBXFileReference; lastKnownFileType = file.storyboard; name = Base; path = Base.lproj/Main.storyboard; sourceTree = "<group>"; };
		F70036F624CB5B950016C5AF /* Assets.xcassets */ = {isa = PBXFileReference; lastKnownFileType = folder.assetcatalog; path = Assets.xcassets; sourceTree = "<group>"; };
		F70036F924CB5B950016C5AF /* Base */ = {isa = PBXFileReference; lastKnownFileType = file.storyboard; name = Base; path = Base.lproj/LaunchScreen.storyboard; sourceTree = "<group>"; };
		F70036FB24CB5B950016C5AF /* Info.plist */ = {isa = PBXFileReference; lastKnownFileType = text.plist.xml; path = Info.plist; sourceTree = "<group>"; };
		F700370124CB5C760016C5AF /* UIView+RoundSpecificCorner.swift */ = {isa = PBXFileReference; fileEncoding = 4; lastKnownFileType = sourcecode.swift; name = "UIView+RoundSpecificCorner.swift"; path = "../../test/eWalle-test/UIView+RoundSpecificCorner.swift"; sourceTree = "<group>"; };
		F700370424CB5D810016C5AF /* Ubuntu-Medium.ttf */ = {isa = PBXFileReference; lastKnownFileType = file; path = "Ubuntu-Medium.ttf"; sourceTree = "<group>"; };
		F700370624CB681D0016C5AF /* HomeViewController.swift */ = {isa = PBXFileReference; lastKnownFileType = sourcecode.swift; path = HomeViewController.swift; sourceTree = "<group>"; };
		F700370824CB6E640016C5AF /* MenuDataSource.swift */ = {isa = PBXFileReference; lastKnownFileType = sourcecode.swift; path = MenuDataSource.swift; sourceTree = "<group>"; };
		F700370A24CB6F180016C5AF /* MenuCell.swift */ = {isa = PBXFileReference; lastKnownFileType = sourcecode.swift; path = MenuCell.swift; sourceTree = "<group>"; };
		F700370C24CB859F0016C5AF /* PersonCell.swift */ = {isa = PBXFileReference; lastKnownFileType = sourcecode.swift; path = PersonCell.swift; sourceTree = "<group>"; };
		F700370E24CB867F0016C5AF /* CollectionViewDataSource.swift */ = {isa = PBXFileReference; lastKnownFileType = sourcecode.swift; path = CollectionViewDataSource.swift; sourceTree = "<group>"; };
/* End PBXFileReference section */

/* Begin PBXFrameworksBuildPhase section */
		F70036E724CB5B940016C5AF /* Frameworks */ = {
			isa = PBXFrameworksBuildPhase;
			buildActionMask = 2147483647;
			files = (
			);
			runOnlyForDeploymentPostprocessing = 0;
		};
/* End PBXFrameworksBuildPhase section */

/* Begin PBXGroup section */
		F70036E124CB5B940016C5AF = {
			isa = PBXGroup;
			children = (
				F70036EC24CB5B940016C5AF /* e-Walle */,
				F70036EB24CB5B940016C5AF /* Products */,
			);
			sourceTree = "<group>";
		};
		F70036EB24CB5B940016C5AF /* Products */ = {
			isa = PBXGroup;
			children = (
				F70036EA24CB5B940016C5AF /* e-Walle.app */,
			);
			name = Products;
			sourceTree = "<group>";
		};
		F70036EC24CB5B940016C5AF /* e-Walle */ = {
			isa = PBXGroup;
			children = (
				F700370324CB5D810016C5AF /* Font */,
				F70036ED24CB5B950016C5AF /* AppDelegate.swift */,
				F70036EF24CB5B950016C5AF /* SceneDelegate.swift */,
				F700370824CB6E640016C5AF /* MenuDataSource.swift */,
				F700370E24CB867F0016C5AF /* CollectionViewDataSource.swift */,
				F70036F124CB5B950016C5AF /* LoginViewController.swift */,
				F700370124CB5C760016C5AF /* UIView+RoundSpecificCorner.swift */,
				F700370A24CB6F180016C5AF /* MenuCell.swift */,
				F700370C24CB859F0016C5AF /* PersonCell.swift */,
				F700370624CB681D0016C5AF /* HomeViewController.swift */,
				F70036F324CB5B950016C5AF /* Main.storyboard */,
				F70036F624CB5B950016C5AF /* Assets.xcassets */,
				F70036F824CB5B950016C5AF /* LaunchScreen.storyboard */,
				F70036FB24CB5B950016C5AF /* Info.plist */,
			);
			path = "e-Walle";
			sourceTree = "<group>";
		};
		F700370324CB5D810016C5AF /* Font */ = {
			isa = PBXGroup;
			children = (
				F700370424CB5D810016C5AF /* Ubuntu-Medium.ttf */,
			);
			name = Font;
			path = "../../test/eWalle-test/Font";
			sourceTree = "<group>";
		};
/* End PBXGroup section */

/* Begin PBXNativeTarget section */
		F70036E924CB5B940016C5AF /* e-Walle */ = {
			isa = PBXNativeTarget;
			buildConfigurationList = F70036FE24CB5B950016C5AF /* Build configuration list for PBXNativeTarget "e-Walle" */;
			buildPhases = (
				F70036E624CB5B940016C5AF /* Sources */,
				F70036E724CB5B940016C5AF /* Frameworks */,
				F70036E824CB5B940016C5AF /* Resources */,
			);
			buildRules = (
			);
			dependencies = (
			);
			name = "e-Walle";
			productName = "e-Walle";
			productReference = F70036EA24CB5B940016C5AF /* e-Walle.app */;
			productType = "com.apple.product-type.application";
		};
/* End PBXNativeTarget section */

/* Begin PBXProject section */
		F70036E224CB5B940016C5AF /* Project object */ = {
			isa = PBXProject;
			attributes = {
				LastSwiftUpdateCheck = 1200;
				LastUpgradeCheck = 1200;
				TargetAttributes = {
					F70036E924CB5B940016C5AF = {
						CreatedOnToolsVersion = 12.0;
					};
				};
			};
			buildConfigurationList = F70036E524CB5B940016C5AF /* Build configuration list for PBXProject "e-Walle" */;
			compatibilityVersion = "Xcode 9.3";
			developmentRegion = en;
			hasScannedForEncodings = 0;
			knownRegions = (
				en,
				Base,
			);
			mainGroup = F70036E124CB5B940016C5AF;
			productRefGroup = F70036EB24CB5B940016C5AF /* Products */;
			projectDirPath = "";
			projectRoot = "";
			targets = (
				F70036E924CB5B940016C5AF /* e-Walle */,
			);
		};
/* End PBXProject section */

/* Begin PBXResourcesBuildPhase section */
		F70036E824CB5B940016C5AF /* Resources */ = {
			isa = PBXResourcesBuildPhase;
			buildActionMask = 2147483647;
			files = (
				F70036FA24CB5B950016C5AF /* LaunchScreen.storyboard in Resources */,
				F70036F724CB5B950016C5AF /* Assets.xcassets in Resources */,
				F700370524CB5D810016C5AF /* Ubuntu-Medium.ttf in Resources */,
				F70036F524CB5B950016C5AF /* Main.storyboard in Resources */,
			);
			runOnlyForDeploymentPostprocessing = 0;
		};
/* End PBXResourcesBuildPhase section */

/* Begin PBXSourcesBuildPhase section */
		F70036E624CB5B940016C5AF /* Sources */ = {
			isa = PBXSourcesBuildPhase;
			buildActionMask = 2147483647;
			files = (
				F700370B24CB6F180016C5AF /* MenuCell.swift in Sources */,
				F700370724CB681D0016C5AF /* HomeViewController.swift in Sources */,
				F700370D24CB859F0016C5AF /* PersonCell.swift in Sources */,
				F700370224CB5C760016C5AF /* UIView+RoundSpecificCorner.swift in Sources */,
				F700370F24CB867F0016C5AF /* CollectionViewDataSource.swift in Sources */,
				F70036F224CB5B950016C5AF /* LoginViewController.swift in Sources */,
				F700370924CB6E640016C5AF /* MenuDataSource.swift in Sources */,
				F70036EE24CB5B950016C5AF /* AppDelegate.swift in Sources */,
				F70036F024CB5B950016C5AF /* SceneDelegate.swift in Sources */,
			);
			runOnlyForDeploymentPostprocessing = 0;
		};
/* End PBXSourcesBuildPhase section */

/* Begin PBXVariantGroup section */
		F70036F324CB5B950016C5AF /* Main.storyboard */ = {
			isa = PBXVariantGroup;
			children = (
				F70036F424CB5B950016C5AF /* Base */,
			);
			name = Main.storyboard;
			sourceTree = "<group>";
		};
		F70036F824CB5B950016C5AF /* LaunchScreen.storyboard */ = {
			isa = PBXVariantGroup;
			children = (
				F70036F924CB5B950016C5AF /* Base */,
			);
			name = LaunchScreen.storyboard;
			sourceTree = "<group>";
		};
/* End PBXVariantGroup section */

/* Begin XCBuildConfiguration section */
		F70036FC24CB5B950016C5AF /* Debug */ = {
			isa = XCBuildConfiguration;
			buildSettings = {
				ALWAYS_SEARCH_USER_PATHS = NO;
				CLANG_ANALYZER_NONNULL = YES;
				CLANG_ANALYZER_NUMBER_OBJECT_CONVERSION = YES_AGGRESSIVE;
				CLANG_CXX_LANGUAGE_STANDARD = "gnu++14";
				CLANG_CXX_LIBRARY = "libc++";
				CLANG_ENABLE_MODULES = YES;
				CLANG_ENABLE_OBJC_ARC = YES;
				CLANG_ENABLE_OBJC_WEAK = YES;
				CLANG_WARN_BLOCK_CAPTURE_AUTORELEASING = YES;
				CLANG_WARN_BOOL_CONVERSION = YES;
				CLANG_WARN_COMMA = YES;
				CLANG_WARN_CONSTANT_CONVERSION = YES;
				CLANG_WARN_DEPRECATED_OBJC_IMPLEMENTATIONS = YES;
				CLANG_WARN_DIRECT_OBJC_ISA_USAGE = YES_ERROR;
				CLANG_WARN_DOCUMENTATION_COMMENTS = YES;
				CLANG_WARN_EMPTY_BODY = YES;
				CLANG_WARN_ENUM_CONVERSION = YES;
				CLANG_WARN_INFINITE_RECURSION = YES;
				CLANG_WARN_INT_CONVERSION = YES;
				CLANG_WARN_NON_LITERAL_NULL_CONVERSION = YES;
				CLANG_WARN_OBJC_IMPLICIT_RETAIN_SELF = YES;
				CLANG_WARN_OBJC_LITERAL_CONVERSION = YES;
				CLANG_WARN_OBJC_ROOT_CLASS = YES_ERROR;
				CLANG_WARN_QUOTED_INCLUDE_IN_FRAMEWORK_HEADER = YES;
				CLANG_WARN_RANGE_LOOP_ANALYSIS = YES;
				CLANG_WARN_STRICT_PROTOTYPES = YES;
				CLANG_WARN_SUSPICIOUS_MOVE = YES;
				CLANG_WARN_UNGUARDED_AVAILABILITY = YES_AGGRESSIVE;
				CLANG_WARN_UNREACHABLE_CODE = YES;
				CLANG_WARN__DUPLICATE_METHOD_MATCH = YES;
				COPY_PHASE_STRIP = NO;
				DEBUG_INFORMATION_FORMAT = dwarf;
				ENABLE_STRICT_OBJC_MSGSEND = YES;
				ENABLE_TESTABILITY = YES;
				GCC_C_LANGUAGE_STANDARD = gnu11;
				GCC_DYNAMIC_NO_PIC = NO;
				GCC_NO_COMMON_BLOCKS = YES;
				GCC_OPTIMIZATION_LEVEL = 0;
				GCC_PREPROCESSOR_DEFINITIONS = (
					"DEBUG=1",
					"$(inherited)",
				);
				GCC_WARN_64_TO_32_BIT_CONVERSION = YES;
				GCC_WARN_ABOUT_RETURN_TYPE = YES_ERROR;
				GCC_WARN_UNDECLARED_SELECTOR = YES;
				GCC_WARN_UNINITIALIZED_AUTOS = YES_AGGRESSIVE;
				GCC_WARN_UNUSED_FUNCTION = YES;
				GCC_WARN_UNUSED_VARIABLE = YES;
				IPHONEOS_DEPLOYMENT_TARGET = 14.0;
				MTL_ENABLE_DEBUG_INFO = INCLUDE_SOURCE;
				MTL_FAST_MATH = YES;
				ONLY_ACTIVE_ARCH = YES;
				SDKROOT = iphoneos;
				SWIFT_ACTIVE_COMPILATION_CONDITIONS = DEBUG;
				SWIFT_OPTIMIZATION_LEVEL = "-Onone";
			};
			name = Debug;
		};
		F70036FD24CB5B950016C5AF /* Release */ = {
			isa = XCBuildConfiguration;
			buildSettings = {
				ALWAYS_SEARCH_USER_PATHS = NO;
				CLANG_ANALYZER_NONNULL = YES;
				CLANG_ANALYZER_NUMBER_OBJECT_CONVERSION = YES_AGGRESSIVE;
				CLANG_CXX_LANGUAGE_STANDARD = "gnu++14";
				CLANG_CXX_LIBRARY = "libc++";
				CLANG_ENABLE_MODULES = YES;
				CLANG_ENABLE_OBJC_ARC = YES;
				CLANG_ENABLE_OBJC_WEAK = YES;
				CLANG_WARN_BLOCK_CAPTURE_AUTORELEASING = YES;
				CLANG_WARN_BOOL_CONVERSION = YES;
				CLANG_WARN_COMMA = YES;
				CLANG_WARN_CONSTANT_CONVERSION = YES;
				CLANG_WARN_DEPRECATED_OBJC_IMPLEMENTATIONS = YES;
				CLANG_WARN_DIRECT_OBJC_ISA_USAGE = YES_ERROR;
				CLANG_WARN_DOCUMENTATION_COMMENTS = YES;
				CLANG_WARN_EMPTY_BODY = YES;
				CLANG_WARN_ENUM_CONVERSION = YES;
				CLANG_WARN_INFINITE_RECURSION = YES;
				CLANG_WARN_INT_CONVERSION = YES;
				CLANG_WARN_NON_LITERAL_NULL_CONVERSION = YES;
				CLANG_WARN_OBJC_IMPLICIT_RETAIN_SELF = YES;
				CLANG_WARN_OBJC_LITERAL_CONVERSION = YES;
				CLANG_WARN_OBJC_ROOT_CLASS = YES_ERROR;
				CLANG_WARN_QUOTED_INCLUDE_IN_FRAMEWORK_HEADER = YES;
				CLANG_WARN_RANGE_LOOP_ANALYSIS = YES;
				CLANG_WARN_STRICT_PROTOTYPES = YES;
				CLANG_WARN_SUSPICIOUS_MOVE = YES;
				CLANG_WARN_UNGUARDED_AVAILABILITY = YES_AGGRESSIVE;
				CLANG_WARN_UNREACHABLE_CODE = YES;
				CLANG_WARN__DUPLICATE_METHOD_MATCH = YES;
				COPY_PHASE_STRIP = NO;
				DEBUG_INFORMATION_FORMAT = "dwarf-with-dsym";
				ENABLE_NS_ASSERTIONS = NO;
				ENABLE_STRICT_OBJC_MSGSEND = YES;
				GCC_C_LANGUAGE_STANDARD = gnu11;
				GCC_NO_COMMON_BLOCKS = YES;
				GCC_WARN_64_TO_32_BIT_CONVERSION = YES;
				GCC_WARN_ABOUT_RETURN_TYPE = YES_ERROR;
				GCC_WARN_UNDECLARED_SELECTOR = YES;
				GCC_WARN_UNINITIALIZED_AUTOS = YES_AGGRESSIVE;
				GCC_WARN_UNUSED_FUNCTION = YES;
				GCC_WARN_UNUSED_VARIABLE = YES;
				IPHONEOS_DEPLOYMENT_TARGET = 14.0;
				MTL_ENABLE_DEBUG_INFO = NO;
				MTL_FAST_MATH = YES;
				SDKROOT = iphoneos;
				SWIFT_COMPILATION_MODE = wholemodule;
				SWIFT_OPTIMIZATION_LEVEL = "-O";
				VALIDATE_PRODUCT = YES;
			};
			name = Release;
		};
		F70036FF24CB5B950016C5AF /* Debug */ = {
			isa = XCBuildConfiguration;
			buildSettings = {
				ASSETCATALOG_COMPILER_APPICON_NAME = AppIcon;
				ASSETCATALOG_COMPILER_GLOBAL_ACCENT_COLOR_NAME = AccentColor;
				CODE_SIGN_STYLE = Automatic;
				DEVELOPMENT_TEAM = 4YGCNXXR2R;
				INFOPLIST_FILE = "e-Walle/Info.plist";
				LD_RUNPATH_SEARCH_PATHS = (
					"$(inherited)",
					"@executable_path/Frameworks",
				);
				PRODUCT_BUNDLE_IDENTIFIER = "com.mwmv.e-Walle";
				PRODUCT_NAME = "$(TARGET_NAME)";
				SWIFT_VERSION = 5.0;
				TARGETED_DEVICE_FAMILY = "1,2";
			};
			name = Debug;
		};
		F700370024CB5B950016C5AF /* Release */ = {
			isa = XCBuildConfiguration;
			buildSettings = {
				ASSETCATALOG_COMPILER_APPICON_NAME = AppIcon;
				ASSETCATALOG_COMPILER_GLOBAL_ACCENT_COLOR_NAME = AccentColor;
				CODE_SIGN_STYLE = Automatic;
				DEVELOPMENT_TEAM = 4YGCNXXR2R;
				INFOPLIST_FILE = "e-Walle/Info.plist";
				LD_RUNPATH_SEARCH_PATHS = (
					"$(inherited)",
					"@executable_path/Frameworks",
				);
				PRODUCT_BUNDLE_IDENTIFIER = "com.mwmv.e-Walle";
				PRODUCT_NAME = "$(TARGET_NAME)";
				SWIFT_VERSION = 5.0;
				TARGETED_DEVICE_FAMILY = "1,2";
			};
			name = Release;
		};
/* End XCBuildConfiguration section */

/* Begin XCConfigurationList section */
		F70036E524CB5B940016C5AF /* Build configuration list for PBXProject "e-Walle" */ = {
			isa = XCConfigurationList;
			buildConfigurations = (
				F70036FC24CB5B950016C5AF /* Debug */,
				F70036FD24CB5B950016C5AF /* Release */,
			);
			defaultConfigurationIsVisible = 0;
			defaultConfigurationName = Release;
		};
		F70036FE24CB5B950016C5AF /* Build configuration list for PBXNativeTarget "e-Walle" */ = {
			isa = XCConfigurationList;
			buildConfigurations = (
				F70036FF24CB5B950016C5AF /* Debug */,
				F700370024CB5B950016C5AF /* Release */,
			);
			defaultConfigurationIsVisible = 0;
			defaultConfigurationName = Release;
		};
/* End XCConfigurationList section */
	};
	rootObject = F70036E224CB5B940016C5AF /* Project object */;
}
